
Microsoft Visual Studio Solution File, Format Version 12.00
# Visual Studio Version 17
VisualStudioVersion = 17.8.34112.27
MinimumVisualStudioVersion = 10.0.40219.1
Project("{FAE04EC0-301F-11D3-BF4B-00C04F79EFBC}") = "ex04", "ex04\ex04.csproj", "{566B4278-7AD1-4117-BC4B-F960BEDEE90A}"
EndProject
Global
	GlobalSection(SolutionConfigurationPlatforms) = preSolution
		Debug|Any CPU = Debug|Any CPU
		Release|Any CPU = Release|Any CPU
	EndGlobalSection
	GlobalSection(ProjectConfigurationPlatforms) = postSolution
		{566B4278-7AD1-4117-BC4B-F960BEDEE90A}.Debug|Any CPU.ActiveCfg = Debug|Any CPU
		{566B4278-7AD1-4117-BC4B-F960BEDEE90A}.Debug|Any CPU.Build.0 = Debug|Any CPU
		{566B4278-7AD1-4117-BC4B-F960BEDEE90A}.Release|Any CPU.ActiveCfg = Release|Any CPU
		{566B4278-7AD1-4117-BC4B-F960BEDEE90A}.Release|Any CPU.Build.0 = Release|Any CPU
	EndGlobalSection
	GlobalSection(SolutionProperties) = preSolution
		HideSolutionNode = FALSE
	EndGlobalSection
	GlobalSection(ExtensibilityGlobals) = postSolution
		SolutionGuid = {9FD9D112-745B-422E-9F34-F6F3154E847B}
	EndGlobalSection
EndGlobal
